
Microsoft Visual Studio Solution File, Format Version 12.00
# Visual Studio 2015
Project("{FAE04EC0-301F-11D3-BF4B-00C04F79EFBC}") = "Hover", "Hover.csproj", "{40624441-9F73-A7BD-E619-70677D60FBEE}"
EndProject
Project("{FAE04EC0-301F-11D3-BF4B-00C04F79EFBC}") = "Hover.Editor", "Hover.Editor.csproj", "{AE790B7A-8915-A896-A780-486EBC94500C}"
EndProject
Global
	GlobalSection(SolutionConfigurationPlatforms) = preSolution
		Debug|Any CPU = Debug|Any CPU
		Release|Any CPU = Release|Any CPU
	EndGlobalSection
	GlobalSection(ProjectConfigurationPlatforms) = postSolution
		{40624441-9F73-A7BD-E619-70677D60FBEE}.Debug|Any CPU.ActiveCfg = Debug|Any CPU
		{40624441-9F73-A7BD-E619-70677D60FBEE}.Debug|Any CPU.Build.0 = Debug|Any CPU
		{40624441-9F73-A7BD-E619-70677D60FBEE}.Release|Any CPU.ActiveCfg = Release|Any CPU
		{40624441-9F73-A7BD-E619-70677D60FBEE}.Release|Any CPU.Build.0 = Release|Any CPU
		{AE790B7A-8915-A896-A780-486EBC94500C}.Debug|Any CPU.ActiveCfg = Debug|Any CPU
		{AE790B7A-8915-A896-A780-486EBC94500C}.Debug|Any CPU.Build.0 = Debug|Any CPU
		{AE790B7A-8915-A896-A780-486EBC94500C}.Release|Any CPU.ActiveCfg = Release|Any CPU
		{AE790B7A-8915-A896-A780-486EBC94500C}.Release|Any CPU.Build.0 = Release|Any CPU
	EndGlobalSection
	GlobalSection(SolutionProperties) = preSolution
		HideSolutionNode = FALSE
	EndGlobalSection
EndGlobal
